
Microsoft Visual Studio Solution File, Format Version 12.00
# Visual Studio 15
VisualStudioVersion = 15.0.27130.2020
MinimumVisualStudioVersion = 10.0.40219.1
Project("{FAE04EC0-301F-11D3-BF4B-00C04F79EFBC}") = "ListAndMoreList", "ListAndMoreList\ListAndMoreList.csproj", "{94CFB066-D560-434F-8B3C-73434B338943}"
EndProject
Global
	GlobalSection(SolutionConfigurationPlatforms) = preSolution
		Debug|Any CPU = Debug|Any CPU
		Release|Any CPU = Release|Any CPU
	EndGlobalSection
	GlobalSection(ProjectConfigurationPlatforms) = postSolution
		{94CFB066-D560-434F-8B3C-73434B338943}.Debug|Any CPU.ActiveCfg = Debug|Any CPU
		{94CFB066-D560-434F-8B3C-73434B338943}.Debug|Any CPU.Build.0 = Debug|Any CPU
		{94CFB066-D560-434F-8B3C-73434B338943}.Release|Any CPU.ActiveCfg = Release|Any CPU
		{94CFB066-D560-434F-8B3C-73434B338943}.Release|Any CPU.Build.0 = Release|Any CPU
	EndGlobalSection
	GlobalSection(SolutionProperties) = preSolution
		HideSolutionNode = FALSE
	EndGlobalSection
	GlobalSection(ExtensibilityGlobals) = postSolution
		SolutionGuid = {9CBCD4C8-4B3B-400F-8550-7F7829912528}
	EndGlobalSection
EndGlobal
